
Microsoft Visual Studio Solution File, Format Version 12.00
# Visual Studio Version 16
VisualStudioVersion = 16.0.29613.14
MinimumVisualStudioVersion = 10.0.40219.1
Project("{FAE04EC0-301F-11D3-BF4B-00C04F79EFBC}") = "EVL_HomeWork_03", "EVL_HomeWork_03\EVL_HomeWork_03.csproj", "{A007B7D8-E886-4F4B-9C5A-98612293307E}"
EndProject
Project("{FAE04EC0-301F-11D3-BF4B-00C04F79EFBC}") = "EVL_HomeWork_01", "EVL_HomeWork_01\EVL_HomeWork_01.csproj", "{9A5CA2EC-9692-496E-B40C-1692A82CDA47}"
EndProject
Project("{FAE04EC0-301F-11D3-BF4B-00C04F79EFBC}") = "EVL_HomeWork_04", "EVL_HomeWork_04\EVL_HomeWork_04.csproj", "{99840644-0ECC-4B03-BF7A-EF3CA81D8AC4}"
EndProject
Project("{FAE04EC0-301F-11D3-BF4B-00C04F79EFBC}") = "EVL_HomeWork_05", "EVL_HomeWork_05\EVL_HomeWork_05.csproj", "{CD3961EB-A0D6-41E3-8604-2B520880982D}"
EndProject
Project("{FAE04EC0-301F-11D3-BF4B-00C04F79EFBC}") = "EVL_HomeWork_06", "EVL_HomeWork_06\EVL_HomeWork_06.csproj", "{DA926FFD-A379-40F7-A253-8769E95AF661}"
EndProject
Project("{FAE04EC0-301F-11D3-BF4B-00C04F79EFBC}") = "EVL_HomeWork_07", "EVL_HomeWork_07\EVL_HomeWork_07.csproj", "{B7E849C3-37D9-4E53-8C93-99097E9086FF}"
EndProject
Project("{FAE04EC0-301F-11D3-BF4B-00C04F79EFBC}") = "EVL_HomeWork_08", "EVL_HomeWork_08\EVL_HomeWork_08.csproj", "{1FE82F11-1FFB-4F8F-9198-087A5EF80FC0}"
EndProject
Project("{FAE04EC0-301F-11D3-BF4B-00C04F79EFBC}") = "EVL_HomeWork_09", "EVL_HomeWork_09\EVL_HomeWork_09.csproj", "{EC0B4A22-9ECD-41E6-A54E-33286314029A}"
EndProject
Project("{FAE04EC0-301F-11D3-BF4B-00C04F79EFBC}") = "EVL_HomeWork_10", "EVL_HomeWork_10\EVL_HomeWork_10.csproj", "{9FF4E3F4-116D-4E32-91BF-9844AFF6BD30}"
EndProject
Project("{FAE04EC0-301F-11D3-BF4B-00C04F79EFBC}") = "EVL_HomeWork_11", "EVL_HomeWork_11\EVL_HomeWork_11.csproj", "{47F7FAFF-D90C-4188-9723-A59ACB1C4DD3}"
EndProject
Project("{FAE04EC0-301F-11D3-BF4B-00C04F79EFBC}") = "EVL_HomeWork_12", "EVL_HomeWork_12\EVL_HomeWork_12.csproj", "{A0811442-417D-4104-B9F8-6603531C3176}"
EndProject
Project("{FAE04EC0-301F-11D3-BF4B-00C04F79EFBC}") = "EVL_HomeWork_13", "EVL_HomeWork_13\EVL_HomeWork_13.csproj", "{4741E6EC-417D-4FD1-A483-00032C319C09}"
EndProject
Project("{FAE04EC0-301F-11D3-BF4B-00C04F79EFBC}") = "EVL_HomeWork_14", "EVL_HomeWork_14\EVL_HomeWork_14.csproj", "{E8A90DD5-F7DF-4EB9-8B7D-766B26523671}"
EndProject
Project("{FAE04EC0-301F-11D3-BF4B-00C04F79EFBC}") = "EVL_HomeWork_15", "EVL_HomeWork_15\EVL_HomeWork_15.csproj", "{7CB97B70-3E23-4010-8BE3-BF19FAE80F16}"
EndProject
Project("{FAE04EC0-301F-11D3-BF4B-00C04F79EFBC}") = "EVL_HomeWork_16", "EVL_HomeWork_16\EVL_HomeWork_16.csproj", "{05773E69-BD97-4A1D-A2C9-DA0CC95A57F4}"
EndProject
Project("{FAE04EC0-301F-11D3-BF4B-00C04F79EFBC}") = "EVL_HomeWork_17", "EVL_HomeWork_17\EVL_HomeWork_17.csproj", "{944E0BEC-AB4E-4D2F-951E-40E936D29C27}"
EndProject
Project("{FAE04EC0-301F-11D3-BF4B-00C04F79EFBC}") = "EVL_HomeWork_18", "EVL_HomeWork_18\EVL_HomeWork_18.csproj", "{E3F06177-F689-4B2A-ABDD-E25E5568EA45}"
EndProject
Project("{FAE04EC0-301F-11D3-BF4B-00C04F79EFBC}") = "EVL_HomeWork_19", "EVL_HomeWork_19\EVL_HomeWork_19.csproj", "{1AAEC5B9-98E4-4DEC-A7E7-8C8E2824655E}"
EndProject
Project("{FAE04EC0-301F-11D3-BF4B-00C04F79EFBC}") = "EVL_HomeWork_20", "EVL_HomeWork_20\EVL_HomeWork_20.csproj", "{B1660FF6-DB3A-4A1F-B2A9-88AD59CC81F1}"
EndProject
Project("{FAE04EC0-301F-11D3-BF4B-00C04F79EFBC}") = "EVL_HomeWork_21", "EVL_HomeWork_21\EVL_HomeWork_21.csproj", "{73B571C0-A475-4E27-A3F0-492E6421D7C9}"
EndProject
Project("{FAE04EC0-301F-11D3-BF4B-00C04F79EFBC}") = "EVL_HomeWork_22", "EVL_HomeWork_22\EVL_HomeWork_22.csproj", "{26E4443F-2DCA-4A57-8235-D3AC60AF4671}"
EndProject
Project("{FAE04EC0-301F-11D3-BF4B-00C04F79EFBC}") = "EVL_HomeWork_23", "EVL_HomeWork_23\EVL_HomeWork_23.csproj", "{3685C089-42C5-4602-BB4B-C4C3ECD0DFCB}"
EndProject
Project("{FAE04EC0-301F-11D3-BF4B-00C04F79EFBC}") = "EVL_HomeWork_24", "EVL_HomeWork_24\EVL_HomeWork_24.csproj", "{A3717544-2DBC-4AB0-AB16-080BDDEC479A}"
EndProject
Project("{FAE04EC0-301F-11D3-BF4B-00C04F79EFBC}") = "EVL_HomeWork_25", "EVL_HomeWork_25\EVL_HomeWork_25.csproj", "{C491F493-BB11-4F70-9A78-F6BBFE74C495}"
EndProject
Project("{FAE04EC0-301F-11D3-BF4B-00C04F79EFBC}") = "EVL_HomeWork_26", "EVL_HomeWork_26\EVL_HomeWork_26.csproj", "{99A21A51-0F0B-4CD6-9B32-26887E71BA0D}"
EndProject
Project("{FAE04EC0-301F-11D3-BF4B-00C04F79EFBC}") = "EVL_HomeWork_27", "EVL_HomeWork_27\EVL_HomeWork_27.csproj", "{76D92D41-2D86-490F-B8EB-C30C5383DF44}"
EndProject
Project("{FAE04EC0-301F-11D3-BF4B-00C04F79EFBC}") = "Sample", "Sample\Sample.csproj", "{09A16660-A1F3-45DF-ABE3-FDFE9D24D170}"
EndProject
Project("{FAE04EC0-301F-11D3-BF4B-00C04F79EFBC}") = "EVL_HomeWork_28", "EVL_HomeWork_28\EVL_HomeWork_28.csproj", "{4378A929-F78A-47DD-8DA9-46D11DADD830}"
EndProject
Project("{FAE04EC0-301F-11D3-BF4B-00C04F79EFBC}") = "EVL_HomeWork_29", "EVL_HomeWork_29\EVL_HomeWork_29.csproj", "{781210C7-7F30-4135-952B-091482827619}"
EndProject
Project("{FAE04EC0-301F-11D3-BF4B-00C04F79EFBC}") = "EVL_HomeWork_30", "EVL_HomeWork_30\EVL_HomeWork_30.csproj", "{A1ACEDC1-D753-4ACC-8FEA-0466C2FF927C}"
EndProject
Project("{FAE04EC0-301F-11D3-BF4B-00C04F79EFBC}") = "EVL_HomeWork_31", "EVL_HomeWork_31\EVL_HomeWork_31.csproj", "{656C7EDC-7ACD-4247-9C7E-8235D4F2708E}"
EndProject
Project("{FAE04EC0-301F-11D3-BF4B-00C04F79EFBC}") = "EVL_HomeWork_32", "EVL_HomeWork_32\EVL_HomeWork_32.csproj", "{8062BECA-B069-49D5-A8E4-5E3D5BF522BE}"
EndProject
Global
	GlobalSection(SolutionConfigurationPlatforms) = preSolution
		Debug|Any CPU = Debug|Any CPU
		Release|Any CPU = Release|Any CPU
	EndGlobalSection
	GlobalSection(ProjectConfigurationPlatforms) = postSolution
		{A007B7D8-E886-4F4B-9C5A-98612293307E}.Debug|Any CPU.ActiveCfg = Debug|Any CPU
		{A007B7D8-E886-4F4B-9C5A-98612293307E}.Debug|Any CPU.Build.0 = Debug|Any CPU
		{A007B7D8-E886-4F4B-9C5A-98612293307E}.Release|Any CPU.ActiveCfg = Release|Any CPU
		{A007B7D8-E886-4F4B-9C5A-98612293307E}.Release|Any CPU.Build.0 = Release|Any CPU
		{9A5CA2EC-9692-496E-B40C-1692A82CDA47}.Debug|Any CPU.ActiveCfg = Debug|Any CPU
		{9A5CA2EC-9692-496E-B40C-1692A82CDA47}.Debug|Any CPU.Build.0 = Debug|Any CPU
		{9A5CA2EC-9692-496E-B40C-1692A82CDA47}.Release|Any CPU.ActiveCfg = Release|Any CPU
		{9A5CA2EC-9692-496E-B40C-1692A82CDA47}.Release|Any CPU.Build.0 = Release|Any CPU
		{99840644-0ECC-4B03-BF7A-EF3CA81D8AC4}.Debug|Any CPU.ActiveCfg = Debug|Any CPU
		{99840644-0ECC-4B03-BF7A-EF3CA81D8AC4}.Debug|Any CPU.Build.0 = Debug|Any CPU
		{99840644-0ECC-4B03-BF7A-EF3CA81D8AC4}.Release|Any CPU.ActiveCfg = Release|Any CPU
		{99840644-0ECC-4B03-BF7A-EF3CA81D8AC4}.Release|Any CPU.Build.0 = Release|Any CPU
		{CD3961EB-A0D6-41E3-8604-2B520880982D}.Debug|Any CPU.ActiveCfg = Debug|Any CPU
		{CD3961EB-A0D6-41E3-8604-2B520880982D}.Debug|Any CPU.Build.0 = Debug|Any CPU
		{CD3961EB-A0D6-41E3-8604-2B520880982D}.Release|Any CPU.ActiveCfg = Release|Any CPU
		{CD3961EB-A0D6-41E3-8604-2B520880982D}.Release|Any CPU.Build.0 = Release|Any CPU
		{DA926FFD-A379-40F7-A253-8769E95AF661}.Debug|Any CPU.ActiveCfg = Debug|Any CPU
		{DA926FFD-A379-40F7-A253-8769E95AF661}.Debug|Any CPU.Build.0 = Debug|Any CPU
		{DA926FFD-A379-40F7-A253-8769E95AF661}.Release|Any CPU.ActiveCfg = Release|Any CPU
		{DA926FFD-A379-40F7-A253-8769E95AF661}.Release|Any CPU.Build.0 = Release|Any CPU
		{B7E849C3-37D9-4E53-8C93-99097E9086FF}.Debug|Any CPU.ActiveCfg = Debug|Any CPU
		{B7E849C3-37D9-4E53-8C93-99097E9086FF}.Debug|Any CPU.Build.0 = Debug|Any CPU
		{B7E849C3-37D9-4E53-8C93-99097E9086FF}.Release|Any CPU.ActiveCfg = Release|Any CPU
		{B7E849C3-37D9-4E53-8C93-99097E9086FF}.Release|Any CPU.Build.0 = Release|Any CPU
		{1FE82F11-1FFB-4F8F-9198-087A5EF80FC0}.Debug|Any CPU.ActiveCfg = Debug|Any CPU
		{1FE82F11-1FFB-4F8F-9198-087A5EF80FC0}.Debug|Any CPU.Build.0 = Debug|Any CPU
		{1FE82F11-1FFB-4F8F-9198-087A5EF80FC0}.Release|Any CPU.ActiveCfg = Release|Any CPU
		{1FE82F11-1FFB-4F8F-9198-087A5EF80FC0}.Release|Any CPU.Build.0 = Release|Any CPU
		{EC0B4A22-9ECD-41E6-A54E-33286314029A}.Debug|Any CPU.ActiveCfg = Debug|Any CPU
		{EC0B4A22-9ECD-41E6-A54E-33286314029A}.Debug|Any CPU.Build.0 = Debug|Any CPU
		{EC0B4A22-9ECD-41E6-A54E-33286314029A}.Release|Any CPU.ActiveCfg = Release|Any CPU
		{EC0B4A22-9ECD-41E6-A54E-33286314029A}.Release|Any CPU.Build.0 = Release|Any CPU
		{9FF4E3F4-116D-4E32-91BF-9844AFF6BD30}.Debug|Any CPU.ActiveCfg = Debug|Any CPU
		{9FF4E3F4-116D-4E32-91BF-9844AFF6BD30}.Debug|Any CPU.Build.0 = Debug|Any CPU
		{9FF4E3F4-116D-4E32-91BF-9844AFF6BD30}.Release|Any CPU.ActiveCfg = Release|Any CPU
		{9FF4E3F4-116D-4E32-91BF-9844AFF6BD30}.Release|Any CPU.Build.0 = Release|Any CPU
		{47F7FAFF-D90C-4188-9723-A59ACB1C4DD3}.Debug|Any CPU.ActiveCfg = Debug|Any CPU
		{47F7FAFF-D90C-4188-9723-A59ACB1C4DD3}.Debug|Any CPU.Build.0 = Debug|Any CPU
		{47F7FAFF-D90C-4188-9723-A59ACB1C4DD3}.Release|Any CPU.ActiveCfg = Release|Any CPU
		{47F7FAFF-D90C-4188-9723-A59ACB1C4DD3}.Release|Any CPU.Build.0 = Release|Any CPU
		{A0811442-417D-4104-B9F8-6603531C3176}.Debug|Any CPU.ActiveCfg = Debug|Any CPU
		{A0811442-417D-4104-B9F8-6603531C3176}.Debug|Any CPU.Build.0 = Debug|Any CPU
		{A0811442-417D-4104-B9F8-6603531C3176}.Release|Any CPU.ActiveCfg = Release|Any CPU
		{A0811442-417D-4104-B9F8-6603531C3176}.Release|Any CPU.Build.0 = Release|Any CPU
		{4741E6EC-417D-4FD1-A483-00032C319C09}.Debug|Any CPU.ActiveCfg = Debug|Any CPU
		{4741E6EC-417D-4FD1-A483-00032C319C09}.Debug|Any CPU.Build.0 = Debug|Any CPU
		{4741E6EC-417D-4FD1-A483-00032C319C09}.Release|Any CPU.ActiveCfg = Release|Any CPU
		{4741E6EC-417D-4FD1-A483-00032C319C09}.Release|Any CPU.Build.0 = Release|Any CPU
		{E8A90DD5-F7DF-4EB9-8B7D-766B26523671}.Debug|Any CPU.ActiveCfg = Debug|Any CPU
		{E8A90DD5-F7DF-4EB9-8B7D-766B26523671}.Debug|Any CPU.Build.0 = Debug|Any CPU
		{E8A90DD5-F7DF-4EB9-8B7D-766B26523671}.Release|Any CPU.ActiveCfg = Release|Any CPU
		{E8A90DD5-F7DF-4EB9-8B7D-766B26523671}.Release|Any CPU.Build.0 = Release|Any CPU
		{7CB97B70-3E23-4010-8BE3-BF19FAE80F16}.Debug|Any CPU.ActiveCfg = Debug|Any CPU
		{7CB97B70-3E23-4010-8BE3-BF19FAE80F16}.Debug|Any CPU.Build.0 = Debug|Any CPU
		{7CB97B70-3E23-4010-8BE3-BF19FAE80F16}.Release|Any CPU.ActiveCfg = Release|Any CPU
		{7CB97B70-3E23-4010-8BE3-BF19FAE80F16}.Release|Any CPU.Build.0 = Release|Any CPU
		{05773E69-BD97-4A1D-A2C9-DA0CC95A57F4}.Debug|Any CPU.ActiveCfg = Debug|Any CPU
		{05773E69-BD97-4A1D-A2C9-DA0CC95A57F4}.Debug|Any CPU.Build.0 = Debug|Any CPU
		{05773E69-BD97-4A1D-A2C9-DA0CC95A57F4}.Release|Any CPU.ActiveCfg = Release|Any CPU
		{05773E69-BD97-4A1D-A2C9-DA0CC95A57F4}.Release|Any CPU.Build.0 = Release|Any CPU
		{944E0BEC-AB4E-4D2F-951E-40E936D29C27}.Debug|Any CPU.ActiveCfg = Debug|Any CPU
		{944E0BEC-AB4E-4D2F-951E-40E936D29C27}.Debug|Any CPU.Build.0 = Debug|Any CPU
		{944E0BEC-AB4E-4D2F-951E-40E936D29C27}.Release|Any CPU.ActiveCfg = Release|Any CPU
		{944E0BEC-AB4E-4D2F-951E-40E936D29C27}.Release|Any CPU.Build.0 = Release|Any CPU
		{E3F06177-F689-4B2A-ABDD-E25E5568EA45}.Debug|Any CPU.ActiveCfg = Debug|Any CPU
		{E3F06177-F689-4B2A-ABDD-E25E5568EA45}.Debug|Any CPU.Build.0 = Debug|Any CPU
		{E3F06177-F689-4B2A-ABDD-E25E5568EA45}.Release|Any CPU.ActiveCfg = Release|Any CPU
		{E3F06177-F689-4B2A-ABDD-E25E5568EA45}.Release|Any CPU.Build.0 = Release|Any CPU
		{1AAEC5B9-98E4-4DEC-A7E7-8C8E2824655E}.Debug|Any CPU.ActiveCfg = Debug|Any CPU
		{1AAEC5B9-98E4-4DEC-A7E7-8C8E2824655E}.Debug|Any CPU.Build.0 = Debug|Any CPU
		{1AAEC5B9-98E4-4DEC-A7E7-8C8E2824655E}.Release|Any CPU.ActiveCfg = Release|Any CPU
		{1AAEC5B9-98E4-4DEC-A7E7-8C8E2824655E}.Release|Any CPU.Build.0 = Release|Any CPU
		{B1660FF6-DB3A-4A1F-B2A9-88AD59CC81F1}.Debug|Any CPU.ActiveCfg = Debug|Any CPU
		{B1660FF6-DB3A-4A1F-B2A9-88AD59CC81F1}.Debug|Any CPU.Build.0 = Debug|Any CPU
		{B1660FF6-DB3A-4A1F-B2A9-88AD59CC81F1}.Release|Any CPU.ActiveCfg = Release|Any CPU
		{B1660FF6-DB3A-4A1F-B2A9-88AD59CC81F1}.Release|Any CPU.Build.0 = Release|Any CPU
		{73B571C0-A475-4E27-A3F0-492E6421D7C9}.Debug|Any CPU.ActiveCfg = Debug|Any CPU
		{73B571C0-A475-4E27-A3F0-492E6421D7C9}.Debug|Any CPU.Build.0 = Debug|Any CPU
		{73B571C0-A475-4E27-A3F0-492E6421D7C9}.Release|Any CPU.ActiveCfg = Release|Any CPU
		{73B571C0-A475-4E27-A3F0-492E6421D7C9}.Release|Any CPU.Build.0 = Release|Any CPU
		{26E4443F-2DCA-4A57-8235-D3AC60AF4671}.Debug|Any CPU.ActiveCfg = Debug|Any CPU
		{26E4443F-2DCA-4A57-8235-D3AC60AF4671}.Debug|Any CPU.Build.0 = Debug|Any CPU
		{26E4443F-2DCA-4A57-8235-D3AC60AF4671}.Release|Any CPU.ActiveCfg = Release|Any CPU
		{26E4443F-2DCA-4A57-8235-D3AC60AF4671}.Release|Any CPU.Build.0 = Release|Any CPU
		{3685C089-42C5-4602-BB4B-C4C3ECD0DFCB}.Debug|Any CPU.ActiveCfg = Debug|Any CPU
		{3685C089-42C5-4602-BB4B-C4C3ECD0DFCB}.Debug|Any CPU.Build.0 = Debug|Any CPU
		{3685C089-42C5-4602-BB4B-C4C3ECD0DFCB}.Release|Any CPU.ActiveCfg = Release|Any CPU
		{3685C089-42C5-4602-BB4B-C4C3ECD0DFCB}.Release|Any CPU.Build.0 = Release|Any CPU
		{A3717544-2DBC-4AB0-AB16-080BDDEC479A}.Debug|Any CPU.ActiveCfg = Debug|Any CPU
		{A3717544-2DBC-4AB0-AB16-080BDDEC479A}.Debug|Any CPU.Build.0 = Debug|Any CPU
		{A3717544-2DBC-4AB0-AB16-080BDDEC479A}.Release|Any CPU.ActiveCfg = Release|Any CPU
		{A3717544-2DBC-4AB0-AB16-080BDDEC479A}.Release|Any CPU.Build.0 = Release|Any CPU
		{C491F493-BB11-4F70-9A78-F6BBFE74C495}.Debug|Any CPU.ActiveCfg = Debug|Any CPU
		{C491F493-BB11-4F70-9A78-F6BBFE74C495}.Debug|Any CPU.Build.0 = Debug|Any CPU
		{C491F493-BB11-4F70-9A78-F6BBFE74C495}.Release|Any CPU.ActiveCfg = Release|Any CPU
		{C491F493-BB11-4F70-9A78-F6BBFE74C495}.Release|Any CPU.Build.0 = Release|Any CPU
		{99A21A51-0F0B-4CD6-9B32-26887E71BA0D}.Debug|Any CPU.ActiveCfg = Debug|Any CPU
		{99A21A51-0F0B-4CD6-9B32-26887E71BA0D}.Debug|Any CPU.Build.0 = Debug|Any CPU
		{99A21A51-0F0B-4CD6-9B32-26887E71BA0D}.Release|Any CPU.ActiveCfg = Release|Any CPU
		{99A21A51-0F0B-4CD6-9B32-26887E71BA0D}.Release|Any CPU.Build.0 = Release|Any CPU
		{76D92D41-2D86-490F-B8EB-C30C5383DF44}.Debug|Any CPU.ActiveCfg = Debug|Any CPU
		{76D92D41-2D86-490F-B8EB-C30C5383DF44}.Debug|Any CPU.Build.0 = Debug|Any CPU
		{76D92D41-2D86-490F-B8EB-C30C5383DF44}.Release|Any CPU.ActiveCfg = Release|Any CPU
		{76D92D41-2D86-490F-B8EB-C30C5383DF44}.Release|Any CPU.Build.0 = Release|Any CPU
		{09A16660-A1F3-45DF-ABE3-FDFE9D24D170}.Debug|Any CPU.ActiveCfg = Debug|Any CPU
		{09A16660-A1F3-45DF-ABE3-FDFE9D24D170}.Debug|Any CPU.Build.0 = Debug|Any CPU
		{09A16660-A1F3-45DF-ABE3-FDFE9D24D170}.Release|Any CPU.ActiveCfg = Release|Any CPU
		{09A16660-A1F3-45DF-ABE3-FDFE9D24D170}.Release|Any CPU.Build.0 = Release|Any CPU
		{4378A929-F78A-47DD-8DA9-46D11DADD830}.Debug|Any CPU.ActiveCfg = Debug|Any CPU
		{4378A929-F78A-47DD-8DA9-46D11DADD830}.Debug|Any CPU.Build.0 = Debug|Any CPU
		{4378A929-F78A-47DD-8DA9-46D11DADD830}.Release|Any CPU.ActiveCfg = Release|Any CPU
		{4378A929-F78A-47DD-8DA9-46D11DADD830}.Release|Any CPU.Build.0 = Release|Any CPU
		{781210C7-7F30-4135-952B-091482827619}.Debug|Any CPU.ActiveCfg = Debug|Any CPU
		{781210C7-7F30-4135-952B-091482827619}.Debug|Any CPU.Build.0 = Debug|Any CPU
		{781210C7-7F30-4135-952B-091482827619}.Release|Any CPU.ActiveCfg = Release|Any CPU
		{781210C7-7F30-4135-952B-091482827619}.Release|Any CPU.Build.0 = Release|Any CPU
		{A1ACEDC1-D753-4ACC-8FEA-0466C2FF927C}.Debug|Any CPU.ActiveCfg = Debug|Any CPU
		{A1ACEDC1-D753-4ACC-8FEA-0466C2FF927C}.Debug|Any CPU.Build.0 = Debug|Any CPU
		{A1ACEDC1-D753-4ACC-8FEA-0466C2FF927C}.Release|Any CPU.ActiveCfg = Release|Any CPU
		{A1ACEDC1-D753-4ACC-8FEA-0466C2FF927C}.Release|Any CPU.Build.0 = Release|Any CPU
		{656C7EDC-7ACD-4247-9C7E-8235D4F2708E}.Debug|Any CPU.ActiveCfg = Debug|Any CPU
		{656C7EDC-7ACD-4247-9C7E-8235D4F2708E}.Debug|Any CPU.Build.0 = Debug|Any CPU
		{656C7EDC-7ACD-4247-9C7E-8235D4F2708E}.Release|Any CPU.ActiveCfg = Release|Any CPU
		{656C7EDC-7ACD-4247-9C7E-8235D4F2708E}.Release|Any CPU.Build.0 = Release|Any CPU
		{8062BECA-B069-49D5-A8E4-5E3D5BF522BE}.Debug|Any CPU.ActiveCfg = Debug|Any CPU
		{8062BECA-B069-49D5-A8E4-5E3D5BF522BE}.Debug|Any CPU.Build.0 = Debug|Any CPU
		{8062BECA-B069-49D5-A8E4-5E3D5BF522BE}.Release|Any CPU.ActiveCfg = Release|Any CPU
		{8062BECA-B069-49D5-A8E4-5E3D5BF522BE}.Release|Any CPU.Build.0 = Release|Any CPU
	EndGlobalSection
	GlobalSection(SolutionProperties) = preSolution
		HideSolutionNode = FALSE
	EndGlobalSection
	GlobalSection(ExtensibilityGlobals) = postSolution
		SolutionGuid = {F69D14E8-F340-4934-8BA4-4BB1935637BE}
	EndGlobalSection
EndGlobal
